
Microsoft Visual Studio Solution File, Format Version 11.00
# Visual Studio 2010
Project("{FAE04EC0-301F-11D3-BF4B-00C04F79EFBC}") = "CarMp", "CarMp\CarMp.csproj", "{A0A6D51B-7760-4D91-9CCA-8CD491AFD56A}"
EndProject
Project("{FAE04EC0-301F-11D3-BF4B-00C04F79EFBC}") = "CarMpMediaInfo", "CarMpMediaInfo\CarMpMediaInfo.csproj", "{328BCACA-4652-49CF-96A9-B64DC3EA23AB}"
EndProject
Global
	GlobalSection(SolutionConfigurationPlatforms) = preSolution
		Debug|Any CPU = Debug|Any CPU
		Release|Any CPU = Release|Any CPU
	EndGlobalSection
	GlobalSection(ProjectConfigurationPlatforms) = postSolution
		{A0A6D51B-7760-4D91-9CCA-8CD491AFD56A}.Debug|Any CPU.ActiveCfg = Debug|Any CPU
		{A0A6D51B-7760-4D91-9CCA-8CD491AFD56A}.Debug|Any CPU.Build.0 = Debug|Any CPU
		{A0A6D51B-7760-4D91-9CCA-8CD491AFD56A}.Release|Any CPU.ActiveCfg = Release|Any CPU
		{A0A6D51B-7760-4D91-9CCA-8CD491AFD56A}.Release|Any CPU.Build.0 = Release|Any CPU
		{328BCACA-4652-49CF-96A9-B64DC3EA23AB}.Debug|Any CPU.ActiveCfg = Debug|Any CPU
		{328BCACA-4652-49CF-96A9-B64DC3EA23AB}.Debug|Any CPU.Build.0 = Debug|Any CPU
		{328BCACA-4652-49CF-96A9-B64DC3EA23AB}.Release|Any CPU.ActiveCfg = Release|Any CPU
		{328BCACA-4652-49CF-96A9-B64DC3EA23AB}.Release|Any CPU.Build.0 = Release|Any CPU
	EndGlobalSection
	GlobalSection(SolutionProperties) = preSolution
		HideSolutionNode = FALSE
	EndGlobalSection
EndGlobal
