
Microsoft Visual Studio Solution File, Format Version 11.00
# Visual Studio 2010
Project("{FAE04EC0-301F-11D3-BF4B-00C04F79EFBC}") = "CarMP", "CarMp\CarMP.csproj", "{A0A6D51B-7760-4D91-9CCA-8CD491AFD56A}"
	ProjectSection(ProjectDependencies) = postProject
		{8DD2EEE4-A796-41B0-951E-0F075DA88F75} = {8DD2EEE4-A796-41B0-951E-0F075DA88F75}
	EndProjectSection
EndProject
Project("{FAE04EC0-301F-11D3-BF4B-00C04F79EFBC}") = "CarMP.MediaInfo", "CarMp.MediaInfo\CarMP.MediaInfo.csproj", "{328BCACA-4652-49CF-96A9-B64DC3EA23AB}"
EndProject
Project("{FAE04EC0-301F-11D3-BF4B-00C04F79EFBC}") = "CarMP.Tests", "CarMP.Tests\CarMP.Tests.csproj", "{3AFE84ED-16BD-45E0-8E75-0901044C924B}"
EndProject
Project("{FAE04EC0-301F-11D3-BF4B-00C04F79EFBC}") = "CarMP.Graphics", "CarMP.Graphics\CarMP.Graphics.csproj", "{50176D99-E610-4BF1-833E-A48BD5346327}"
EndProject
Project("{8BC9CEB8-8B4A-11D0-8D11-00A0C91BC942}") = "CarMP.NGWrapper", "CarMP.NGWrapper\CarMP.NGWrapper.vcxproj", "{8E4E4D38-919E-4530-A5FF-0D98C2C84774}"
EndProject
Project("{FAE04EC0-301F-11D3-BF4B-00C04F79EFBC}") = "GraphicsTest", "GraphicsTest\GraphicsTest.csproj", "{25074E0D-1A78-4F60-B4BB-EB95D0F08FCE}"
	ProjectSection(ProjectDependencies) = postProject
		{8DD2EEE4-A796-41B0-951E-0F075DA88F75} = {8DD2EEE4-A796-41B0-951E-0F075DA88F75}
	EndProjectSection
EndProject
Project("{8BC9CEB8-8B4A-11D0-8D11-00A0C91BC942}") = "CarMP_OpenGL", "CarMP_OpenGL\CarMP_OpenGL.vcxproj", "{8DD2EEE4-A796-41B0-951E-0F075DA88F75}"
EndProject
Project("{8BC9CEB8-8B4A-11D0-8D11-00A0C91BC942}") = "NativeGraphicsTest", "NativeGraphicsTest\NativeGraphicsTest.vcxproj", "{95A20D3C-C5D6-443E-89BE-BBB2CC45C478}"
EndProject
Global
	GlobalSection(SolutionConfigurationPlatforms) = preSolution
		Debug|Any CPU = Debug|Any CPU
		Debug|Mixed Platforms = Debug|Mixed Platforms
		Debug|Win32 = Debug|Win32
		Debug|x86 = Debug|x86
		Release|Any CPU = Release|Any CPU
		Release|Mixed Platforms = Release|Mixed Platforms
		Release|Win32 = Release|Win32
		Release|x86 = Release|x86
	EndGlobalSection
	GlobalSection(ProjectConfigurationPlatforms) = postSolution
		{A0A6D51B-7760-4D91-9CCA-8CD491AFD56A}.Debug|Any CPU.ActiveCfg = Debug|Any CPU
		{A0A6D51B-7760-4D91-9CCA-8CD491AFD56A}.Debug|Any CPU.Build.0 = Debug|Any CPU
		{A0A6D51B-7760-4D91-9CCA-8CD491AFD56A}.Debug|Mixed Platforms.ActiveCfg = Debug|Any CPU
		{A0A6D51B-7760-4D91-9CCA-8CD491AFD56A}.Debug|Mixed Platforms.Build.0 = Debug|Any CPU
		{A0A6D51B-7760-4D91-9CCA-8CD491AFD56A}.Debug|Win32.ActiveCfg = Debug|Any CPU
		{A0A6D51B-7760-4D91-9CCA-8CD491AFD56A}.Debug|x86.ActiveCfg = Debug|Any CPU
		{A0A6D51B-7760-4D91-9CCA-8CD491AFD56A}.Release|Any CPU.ActiveCfg = Release|Any CPU
		{A0A6D51B-7760-4D91-9CCA-8CD491AFD56A}.Release|Any CPU.Build.0 = Release|Any CPU
		{A0A6D51B-7760-4D91-9CCA-8CD491AFD56A}.Release|Mixed Platforms.ActiveCfg = Release|Any CPU
		{A0A6D51B-7760-4D91-9CCA-8CD491AFD56A}.Release|Mixed Platforms.Build.0 = Release|Any CPU
		{A0A6D51B-7760-4D91-9CCA-8CD491AFD56A}.Release|Win32.ActiveCfg = Release|Any CPU
		{A0A6D51B-7760-4D91-9CCA-8CD491AFD56A}.Release|x86.ActiveCfg = Release|Any CPU
		{328BCACA-4652-49CF-96A9-B64DC3EA23AB}.Debug|Any CPU.ActiveCfg = Debug|Any CPU
		{328BCACA-4652-49CF-96A9-B64DC3EA23AB}.Debug|Any CPU.Build.0 = Debug|Any CPU
		{328BCACA-4652-49CF-96A9-B64DC3EA23AB}.Debug|Mixed Platforms.ActiveCfg = Debug|Any CPU
		{328BCACA-4652-49CF-96A9-B64DC3EA23AB}.Debug|Mixed Platforms.Build.0 = Debug|Any CPU
		{328BCACA-4652-49CF-96A9-B64DC3EA23AB}.Debug|Win32.ActiveCfg = Debug|Any CPU
		{328BCACA-4652-49CF-96A9-B64DC3EA23AB}.Debug|x86.ActiveCfg = Debug|Any CPU
		{328BCACA-4652-49CF-96A9-B64DC3EA23AB}.Release|Any CPU.ActiveCfg = Release|Any CPU
		{328BCACA-4652-49CF-96A9-B64DC3EA23AB}.Release|Any CPU.Build.0 = Release|Any CPU
		{328BCACA-4652-49CF-96A9-B64DC3EA23AB}.Release|Mixed Platforms.ActiveCfg = Release|Any CPU
		{328BCACA-4652-49CF-96A9-B64DC3EA23AB}.Release|Mixed Platforms.Build.0 = Release|Any CPU
		{328BCACA-4652-49CF-96A9-B64DC3EA23AB}.Release|Win32.ActiveCfg = Release|Any CPU
		{328BCACA-4652-49CF-96A9-B64DC3EA23AB}.Release|x86.ActiveCfg = Release|Any CPU
		{3AFE84ED-16BD-45E0-8E75-0901044C924B}.Debug|Any CPU.ActiveCfg = Debug|Any CPU
		{3AFE84ED-16BD-45E0-8E75-0901044C924B}.Debug|Any CPU.Build.0 = Debug|Any CPU
		{3AFE84ED-16BD-45E0-8E75-0901044C924B}.Debug|Mixed Platforms.ActiveCfg = Debug|Any CPU
		{3AFE84ED-16BD-45E0-8E75-0901044C924B}.Debug|Mixed Platforms.Build.0 = Debug|Any CPU
		{3AFE84ED-16BD-45E0-8E75-0901044C924B}.Debug|Win32.ActiveCfg = Debug|Any CPU
		{3AFE84ED-16BD-45E0-8E75-0901044C924B}.Debug|x86.ActiveCfg = Debug|Any CPU
		{3AFE84ED-16BD-45E0-8E75-0901044C924B}.Release|Any CPU.ActiveCfg = Release|Any CPU
		{3AFE84ED-16BD-45E0-8E75-0901044C924B}.Release|Any CPU.Build.0 = Release|Any CPU
		{3AFE84ED-16BD-45E0-8E75-0901044C924B}.Release|Mixed Platforms.ActiveCfg = Release|Any CPU
		{3AFE84ED-16BD-45E0-8E75-0901044C924B}.Release|Mixed Platforms.Build.0 = Release|Any CPU
		{3AFE84ED-16BD-45E0-8E75-0901044C924B}.Release|Win32.ActiveCfg = Release|Any CPU
		{3AFE84ED-16BD-45E0-8E75-0901044C924B}.Release|x86.ActiveCfg = Release|Any CPU
		{50176D99-E610-4BF1-833E-A48BD5346327}.Debug|Any CPU.ActiveCfg = Debug|Any CPU
		{50176D99-E610-4BF1-833E-A48BD5346327}.Debug|Any CPU.Build.0 = Debug|Any CPU
		{50176D99-E610-4BF1-833E-A48BD5346327}.Debug|Mixed Platforms.ActiveCfg = Debug|Any CPU
		{50176D99-E610-4BF1-833E-A48BD5346327}.Debug|Mixed Platforms.Build.0 = Debug|Any CPU
		{50176D99-E610-4BF1-833E-A48BD5346327}.Debug|Win32.ActiveCfg = Debug|Any CPU
		{50176D99-E610-4BF1-833E-A48BD5346327}.Debug|x86.ActiveCfg = Debug|Any CPU
		{50176D99-E610-4BF1-833E-A48BD5346327}.Release|Any CPU.ActiveCfg = Release|Any CPU
		{50176D99-E610-4BF1-833E-A48BD5346327}.Release|Any CPU.Build.0 = Release|Any CPU
		{50176D99-E610-4BF1-833E-A48BD5346327}.Release|Mixed Platforms.ActiveCfg = Release|Any CPU
		{50176D99-E610-4BF1-833E-A48BD5346327}.Release|Mixed Platforms.Build.0 = Release|Any CPU
		{50176D99-E610-4BF1-833E-A48BD5346327}.Release|Win32.ActiveCfg = Release|Any CPU
		{50176D99-E610-4BF1-833E-A48BD5346327}.Release|x86.ActiveCfg = Release|Any CPU
		{8E4E4D38-919E-4530-A5FF-0D98C2C84774}.Debug|Any CPU.ActiveCfg = Debug|Win32
		{8E4E4D38-919E-4530-A5FF-0D98C2C84774}.Debug|Mixed Platforms.ActiveCfg = Debug|Win32
		{8E4E4D38-919E-4530-A5FF-0D98C2C84774}.Debug|Mixed Platforms.Build.0 = Debug|Win32
		{8E4E4D38-919E-4530-A5FF-0D98C2C84774}.Debug|Win32.ActiveCfg = Debug|Win32
		{8E4E4D38-919E-4530-A5FF-0D98C2C84774}.Debug|Win32.Build.0 = Debug|Win32
		{8E4E4D38-919E-4530-A5FF-0D98C2C84774}.Debug|x86.ActiveCfg = Debug|Win32
		{8E4E4D38-919E-4530-A5FF-0D98C2C84774}.Release|Any CPU.ActiveCfg = Release|Win32
		{8E4E4D38-919E-4530-A5FF-0D98C2C84774}.Release|Mixed Platforms.ActiveCfg = Release|Win32
		{8E4E4D38-919E-4530-A5FF-0D98C2C84774}.Release|Mixed Platforms.Build.0 = Release|Win32
		{8E4E4D38-919E-4530-A5FF-0D98C2C84774}.Release|Win32.ActiveCfg = Release|Win32
		{8E4E4D38-919E-4530-A5FF-0D98C2C84774}.Release|Win32.Build.0 = Release|Win32
		{8E4E4D38-919E-4530-A5FF-0D98C2C84774}.Release|x86.ActiveCfg = Release|Win32
		{25074E0D-1A78-4F60-B4BB-EB95D0F08FCE}.Debug|Any CPU.ActiveCfg = Debug|x86
		{25074E0D-1A78-4F60-B4BB-EB95D0F08FCE}.Debug|Mixed Platforms.ActiveCfg = Debug|x86
		{25074E0D-1A78-4F60-B4BB-EB95D0F08FCE}.Debug|Mixed Platforms.Build.0 = Debug|x86
		{25074E0D-1A78-4F60-B4BB-EB95D0F08FCE}.Debug|Win32.ActiveCfg = Debug|x86
		{25074E0D-1A78-4F60-B4BB-EB95D0F08FCE}.Debug|x86.ActiveCfg = Debug|x86
		{25074E0D-1A78-4F60-B4BB-EB95D0F08FCE}.Debug|x86.Build.0 = Debug|x86
		{25074E0D-1A78-4F60-B4BB-EB95D0F08FCE}.Release|Any CPU.ActiveCfg = Release|x86
		{25074E0D-1A78-4F60-B4BB-EB95D0F08FCE}.Release|Mixed Platforms.ActiveCfg = Release|x86
		{25074E0D-1A78-4F60-B4BB-EB95D0F08FCE}.Release|Mixed Platforms.Build.0 = Release|x86
		{25074E0D-1A78-4F60-B4BB-EB95D0F08FCE}.Release|Win32.ActiveCfg = Release|x86
		{25074E0D-1A78-4F60-B4BB-EB95D0F08FCE}.Release|x86.ActiveCfg = Release|x86
		{25074E0D-1A78-4F60-B4BB-EB95D0F08FCE}.Release|x86.Build.0 = Release|x86
		{8DD2EEE4-A796-41B0-951E-0F075DA88F75}.Debug|Any CPU.ActiveCfg = Debug|Win32
		{8DD2EEE4-A796-41B0-951E-0F075DA88F75}.Debug|Mixed Platforms.ActiveCfg = Debug|Win32
		{8DD2EEE4-A796-41B0-951E-0F075DA88F75}.Debug|Mixed Platforms.Build.0 = Debug|Win32
		{8DD2EEE4-A796-41B0-951E-0F075DA88F75}.Debug|Win32.ActiveCfg = Debug|Win32
		{8DD2EEE4-A796-41B0-951E-0F075DA88F75}.Debug|Win32.Build.0 = Debug|Win32
		{8DD2EEE4-A796-41B0-951E-0F075DA88F75}.Debug|x86.ActiveCfg = Debug|Win32
		{8DD2EEE4-A796-41B0-951E-0F075DA88F75}.Release|Any CPU.ActiveCfg = Release|Win32
		{8DD2EEE4-A796-41B0-951E-0F075DA88F75}.Release|Mixed Platforms.ActiveCfg = Release|Win32
		{8DD2EEE4-A796-41B0-951E-0F075DA88F75}.Release|Mixed Platforms.Build.0 = Release|Win32
		{8DD2EEE4-A796-41B0-951E-0F075DA88F75}.Release|Win32.ActiveCfg = Release|Win32
		{8DD2EEE4-A796-41B0-951E-0F075DA88F75}.Release|Win32.Build.0 = Release|Win32
		{8DD2EEE4-A796-41B0-951E-0F075DA88F75}.Release|x86.ActiveCfg = Release|Win32
		{95A20D3C-C5D6-443E-89BE-BBB2CC45C478}.Debug|Any CPU.ActiveCfg = Debug|Win32
		{95A20D3C-C5D6-443E-89BE-BBB2CC45C478}.Debug|Mixed Platforms.ActiveCfg = Debug|Win32
		{95A20D3C-C5D6-443E-89BE-BBB2CC45C478}.Debug|Mixed Platforms.Build.0 = Debug|Win32
		{95A20D3C-C5D6-443E-89BE-BBB2CC45C478}.Debug|Win32.ActiveCfg = Debug|Win32
		{95A20D3C-C5D6-443E-89BE-BBB2CC45C478}.Debug|Win32.Build.0 = Debug|Win32
		{95A20D3C-C5D6-443E-89BE-BBB2CC45C478}.Debug|x86.ActiveCfg = Debug|Win32
		{95A20D3C-C5D6-443E-89BE-BBB2CC45C478}.Release|Any CPU.ActiveCfg = Release|Win32
		{95A20D3C-C5D6-443E-89BE-BBB2CC45C478}.Release|Mixed Platforms.ActiveCfg = Release|Win32
		{95A20D3C-C5D6-443E-89BE-BBB2CC45C478}.Release|Mixed Platforms.Build.0 = Release|Win32
		{95A20D3C-C5D6-443E-89BE-BBB2CC45C478}.Release|Win32.ActiveCfg = Release|Win32
		{95A20D3C-C5D6-443E-89BE-BBB2CC45C478}.Release|Win32.Build.0 = Release|Win32
		{95A20D3C-C5D6-443E-89BE-BBB2CC45C478}.Release|x86.ActiveCfg = Release|Win32
	EndGlobalSection
	GlobalSection(SolutionProperties) = preSolution
		HideSolutionNode = FALSE
	EndGlobalSection
EndGlobal
